
Microsoft Visual Studio Solution File, Format Version 12.00
# Visual Studio Version 17
VisualStudioVersion = 17.10.34928.147
MinimumVisualStudioVersion = 10.0.40219.1
Project("{FAE04EC0-301F-11D3-BF4B-00C04F79EFBC}") = "NewFPI30AOIX3", "LaserAlignDX\NewFPI30AOIX3.csproj", "{268EC7EF-0E73-4D58-88C9-5ED04E8B8645}"
EndProject
Project("{FAE04EC0-301F-11D3-BF4B-00C04F79EFBC}") = "JzDisplayLT", "EzDisplay\JzDisplayLT\JzDisplayLT.csproj", "{8AA39FB3-6B90-4FAA-8183-85A1ACFC10B1}"
EndProject
Project("{FAE04EC0-301F-11D3-BF4B-00C04F79EFBC}") = "JetEazy.Basics", "JetEazy\JetEazy.Basics.csproj", "{A24458C1-B3AC-462A-8B42-DAFD1D420E19}"
EndProject
Project("{FAE04EC0-301F-11D3-BF4B-00C04F79EFBC}") = "EzCamera.Gui.LiveViewer", "EzCamera.Gui.LiveViewer\EzCamera.Gui.LiveViewer.csproj", "{A4D1D9B0-EF2E-4072-9FE1-F1EA28571688}"
EndProject
Project("{FAE04EC0-301F-11D3-BF4B-00C04F79EFBC}") = "EzAoiEmptyTrayInspector.Lib", "FPI30_Aoi\EzEmptyTrayInspector.Lib\EzAoiEmptyTrayInspector.Lib.csproj", "{A1BCDEE4-DD9A-43C2-A127-90B727EB0F04}"
EndProject
Project("{FAE04EC0-301F-11D3-BF4B-00C04F79EFBC}") = "EzAoiEmptyTrayInspector.App", "FPI30_Aoi\EzEmptyTrayInspector.App\EzAoiEmptyTrayInspector.App.csproj", "{C2A8E04A-34BB-44C9-A5E0-6E22FBBB0355}"
EndProject
Project("{2150E333-8FDC-42A3-9474-1A3956D46DE8}") = ".ReadMe", ".ReadMe", "{02EA681E-C7D8-13C7-8484-4AC65E1B71E8}"
	ProjectSection(SolutionItems) = preProject
		ReadMe.md = ReadMe.md
		ReadMe_History.md = ReadMe_History.md
		Readme_QA.md = Readme_QA.md
	EndProjectSection
EndProject
Project("{FAE04EC0-301F-11D3-BF4B-00C04F79EFBC}") = "EzAoiEmptyTrayInspector.TestDemo", "FPI30_Aoi\EzEmptyTrayInspector.TestDemo\EzAoiEmptyTrayInspector.TestDemo.csproj", "{8A30A4F2-222A-498B-9565-6E50103ABF4B}"
EndProject
Project("{2150E333-8FDC-42A3-9474-1A3956D46DE8}") = "FPI30_AOI", "FPI30_AOI", "{7A8C945F-BF24-4D6B-849D-939CEA41E7BF}"
EndProject
Project("{FAE04EC0-301F-11D3-BF4B-00C04F79EFBC}") = "JetEazy.Calib", "JetEazy.Calib\JetEazy.Calib.csproj", "{ECF19B8D-BE9A-4159-8B94-DEFC25A59507}"
EndProject
Project("{2150E333-8FDC-42A3-9474-1A3956D46DE8}") = "Jez Modules", "Jez Modules", "{7A4C5A08-491F-4809-BB45-C2E996222756}"
EndProject
Project("{FAE04EC0-301F-11D3-BF4B-00C04F79EFBC}") = "JetEazy.VG.Devices", "JetEazy.VG.Camera\JetEazy.VG.Devices.csproj", "{AFA9CF55-2235-415D-B437-F4A62DA34A0C}"
EndProject
Project("{FAE04EC0-301F-11D3-BF4B-00C04F79EFBC}") = "JetEazy.Transform", "JetEazy.Calib.Transform\JetEazy.Transform.csproj", "{A39132CC-9E48-4E8C-90C1-D4A39DBE1933}"
EndProject
Project("{FAE04EC0-301F-11D3-BF4B-00C04F79EFBC}") = "Traveller.Data.Packer", "Traveller.Data.Packer\Traveller.Data.Packer.csproj", "{F22A8909-F1E9-430C-B395-D9222E311961}"
EndProject
Global
	GlobalSection(SolutionConfigurationPlatforms) = preSolution
		Debug|Any CPU = Debug|Any CPU
		Debug|x64 = Debug|x64
		Debug|x86 = Debug|x86
		Release|Any CPU = Release|Any CPU
		Release|x64 = Release|x64
		Release|x86 = Release|x86
	EndGlobalSection
	GlobalSection(ProjectConfigurationPlatforms) = postSolution
		{268EC7EF-0E73-4D58-88C9-5ED04E8B8645}.Debug|Any CPU.ActiveCfg = Debug|Any CPU
		{268EC7EF-0E73-4D58-88C9-5ED04E8B8645}.Debug|Any CPU.Build.0 = Debug|Any CPU
		{268EC7EF-0E73-4D58-88C9-5ED04E8B8645}.Debug|x64.ActiveCfg = Debug|x64
		{268EC7EF-0E73-4D58-88C9-5ED04E8B8645}.Debug|x64.Build.0 = Debug|x64
		{268EC7EF-0E73-4D58-88C9-5ED04E8B8645}.Debug|x86.ActiveCfg = Debug|Any CPU
		{268EC7EF-0E73-4D58-88C9-5ED04E8B8645}.Debug|x86.Build.0 = Debug|Any CPU
		{268EC7EF-0E73-4D58-88C9-5ED04E8B8645}.Release|Any CPU.ActiveCfg = Release|Any CPU
		{268EC7EF-0E73-4D58-88C9-5ED04E8B8645}.Release|Any CPU.Build.0 = Release|Any CPU
		{268EC7EF-0E73-4D58-88C9-5ED04E8B8645}.Release|x64.ActiveCfg = Release|Any CPU
		{268EC7EF-0E73-4D58-88C9-5ED04E8B8645}.Release|x64.Build.0 = Release|Any CPU
		{268EC7EF-0E73-4D58-88C9-5ED04E8B8645}.Release|x86.ActiveCfg = Release|Any CPU
		{268EC7EF-0E73-4D58-88C9-5ED04E8B8645}.Release|x86.Build.0 = Release|Any CPU
		{8AA39FB3-6B90-4FAA-8183-85A1ACFC10B1}.Debug|Any CPU.ActiveCfg = Debug|Any CPU
		{8AA39FB3-6B90-4FAA-8183-85A1ACFC10B1}.Debug|Any CPU.Build.0 = Debug|Any CPU
		{8AA39FB3-6B90-4FAA-8183-85A1ACFC10B1}.Debug|x64.ActiveCfg = Debug|Any CPU
		{8AA39FB3-6B90-4FAA-8183-85A1ACFC10B1}.Debug|x64.Build.0 = Debug|Any CPU
		{8AA39FB3-6B90-4FAA-8183-85A1ACFC10B1}.Debug|x86.ActiveCfg = Debug|x86
		{8AA39FB3-6B90-4FAA-8183-85A1ACFC10B1}.Debug|x86.Build.0 = Debug|x86
		{8AA39FB3-6B90-4FAA-8183-85A1ACFC10B1}.Release|Any CPU.ActiveCfg = Release|Any CPU
		{8AA39FB3-6B90-4FAA-8183-85A1ACFC10B1}.Release|Any CPU.Build.0 = Release|Any CPU
		{8AA39FB3-6B90-4FAA-8183-85A1ACFC10B1}.Release|x64.ActiveCfg = Release|x64
		{8AA39FB3-6B90-4FAA-8183-85A1ACFC10B1}.Release|x64.Build.0 = Release|x64
		{8AA39FB3-6B90-4FAA-8183-85A1ACFC10B1}.Release|x86.ActiveCfg = Release|x86
		{8AA39FB3-6B90-4FAA-8183-85A1ACFC10B1}.Release|x86.Build.0 = Release|x86
		{A24458C1-B3AC-462A-8B42-DAFD1D420E19}.Debug|Any CPU.ActiveCfg = Debug|Any CPU
		{A24458C1-B3AC-462A-8B42-DAFD1D420E19}.Debug|Any CPU.Build.0 = Debug|Any CPU
		{A24458C1-B3AC-462A-8B42-DAFD1D420E19}.Debug|x64.ActiveCfg = Debug|Any CPU
		{A24458C1-B3AC-462A-8B42-DAFD1D420E19}.Debug|x64.Build.0 = Debug|Any CPU
		{A24458C1-B3AC-462A-8B42-DAFD1D420E19}.Debug|x86.ActiveCfg = Debug|Any CPU
		{A24458C1-B3AC-462A-8B42-DAFD1D420E19}.Debug|x86.Build.0 = Debug|Any CPU
		{A24458C1-B3AC-462A-8B42-DAFD1D420E19}.Release|Any CPU.ActiveCfg = Release|Any CPU
		{A24458C1-B3AC-462A-8B42-DAFD1D420E19}.Release|Any CPU.Build.0 = Release|Any CPU
		{A24458C1-B3AC-462A-8B42-DAFD1D420E19}.Release|x64.ActiveCfg = Release|x64
		{A24458C1-B3AC-462A-8B42-DAFD1D420E19}.Release|x64.Build.0 = Release|x64
		{A24458C1-B3AC-462A-8B42-DAFD1D420E19}.Release|x86.ActiveCfg = Release|Any CPU
		{A24458C1-B3AC-462A-8B42-DAFD1D420E19}.Release|x86.Build.0 = Release|Any CPU
		{A4D1D9B0-EF2E-4072-9FE1-F1EA28571688}.Debug|Any CPU.ActiveCfg = Debug|Any CPU
		{A4D1D9B0-EF2E-4072-9FE1-F1EA28571688}.Debug|Any CPU.Build.0 = Debug|Any CPU
		{A4D1D9B0-EF2E-4072-9FE1-F1EA28571688}.Debug|x64.ActiveCfg = Debug|Any CPU
		{A4D1D9B0-EF2E-4072-9FE1-F1EA28571688}.Debug|x64.Build.0 = Debug|Any CPU
		{A4D1D9B0-EF2E-4072-9FE1-F1EA28571688}.Debug|x86.ActiveCfg = Debug|Any CPU
		{A4D1D9B0-EF2E-4072-9FE1-F1EA28571688}.Debug|x86.Build.0 = Debug|Any CPU
		{A4D1D9B0-EF2E-4072-9FE1-F1EA28571688}.Release|Any CPU.ActiveCfg = Release|Any CPU
		{A4D1D9B0-EF2E-4072-9FE1-F1EA28571688}.Release|Any CPU.Build.0 = Release|Any CPU
		{A4D1D9B0-EF2E-4072-9FE1-F1EA28571688}.Release|x64.ActiveCfg = Release|Any CPU
		{A4D1D9B0-EF2E-4072-9FE1-F1EA28571688}.Release|x64.Build.0 = Release|Any CPU
		{A4D1D9B0-EF2E-4072-9FE1-F1EA28571688}.Release|x86.ActiveCfg = Release|Any CPU
		{A4D1D9B0-EF2E-4072-9FE1-F1EA28571688}.Release|x86.Build.0 = Release|Any CPU
		{A1BCDEE4-DD9A-43C2-A127-90B727EB0F04}.Debug|Any CPU.ActiveCfg = Debug|Any CPU
		{A1BCDEE4-DD9A-43C2-A127-90B727EB0F04}.Debug|Any CPU.Build.0 = Debug|Any CPU
		{A1BCDEE4-DD9A-43C2-A127-90B727EB0F04}.Debug|x64.ActiveCfg = Debug|Any CPU
		{A1BCDEE4-DD9A-43C2-A127-90B727EB0F04}.Debug|x64.Build.0 = Debug|Any CPU
		{A1BCDEE4-DD9A-43C2-A127-90B727EB0F04}.Debug|x86.ActiveCfg = Debug|Any CPU
		{A1BCDEE4-DD9A-43C2-A127-90B727EB0F04}.Debug|x86.Build.0 = Debug|Any CPU
		{A1BCDEE4-DD9A-43C2-A127-90B727EB0F04}.Release|Any CPU.ActiveCfg = Release|Any CPU
		{A1BCDEE4-DD9A-43C2-A127-90B727EB0F04}.Release|Any CPU.Build.0 = Release|Any CPU
		{A1BCDEE4-DD9A-43C2-A127-90B727EB0F04}.Release|x64.ActiveCfg = Release|Any CPU
		{A1BCDEE4-DD9A-43C2-A127-90B727EB0F04}.Release|x64.Build.0 = Release|Any CPU
		{A1BCDEE4-DD9A-43C2-A127-90B727EB0F04}.Release|x86.ActiveCfg = Release|Any CPU
		{A1BCDEE4-DD9A-43C2-A127-90B727EB0F04}.Release|x86.Build.0 = Release|Any CPU
		{C2A8E04A-34BB-44C9-A5E0-6E22FBBB0355}.Debug|Any CPU.ActiveCfg = Debug|Any CPU
		{C2A8E04A-34BB-44C9-A5E0-6E22FBBB0355}.Debug|Any CPU.Build.0 = Debug|Any CPU
		{C2A8E04A-34BB-44C9-A5E0-6E22FBBB0355}.Debug|x64.ActiveCfg = Debug|Any CPU
		{C2A8E04A-34BB-44C9-A5E0-6E22FBBB0355}.Debug|x64.Build.0 = Debug|Any CPU
		{C2A8E04A-34BB-44C9-A5E0-6E22FBBB0355}.Debug|x86.ActiveCfg = Debug|Any CPU
		{C2A8E04A-34BB-44C9-A5E0-6E22FBBB0355}.Debug|x86.Build.0 = Debug|Any CPU
		{C2A8E04A-34BB-44C9-A5E0-6E22FBBB0355}.Release|Any CPU.ActiveCfg = Release|Any CPU
		{C2A8E04A-34BB-44C9-A5E0-6E22FBBB0355}.Release|Any CPU.Build.0 = Release|Any CPU
		{C2A8E04A-34BB-44C9-A5E0-6E22FBBB0355}.Release|x64.ActiveCfg = Release|Any CPU
		{C2A8E04A-34BB-44C9-A5E0-6E22FBBB0355}.Release|x64.Build.0 = Release|Any CPU
		{C2A8E04A-34BB-44C9-A5E0-6E22FBBB0355}.Release|x86.ActiveCfg = Release|Any CPU
		{C2A8E04A-34BB-44C9-A5E0-6E22FBBB0355}.Release|x86.Build.0 = Release|Any CPU
		{8A30A4F2-222A-498B-9565-6E50103ABF4B}.Debug|Any CPU.ActiveCfg = Debug|Any CPU
		{8A30A4F2-222A-498B-9565-6E50103ABF4B}.Debug|Any CPU.Build.0 = Debug|Any CPU
		{8A30A4F2-222A-498B-9565-6E50103ABF4B}.Debug|x64.ActiveCfg = Debug|Any CPU
		{8A30A4F2-222A-498B-9565-6E50103ABF4B}.Debug|x64.Build.0 = Debug|Any CPU
		{8A30A4F2-222A-498B-9565-6E50103ABF4B}.Debug|x86.ActiveCfg = Debug|Any CPU
		{8A30A4F2-222A-498B-9565-6E50103ABF4B}.Debug|x86.Build.0 = Debug|Any CPU
		{8A30A4F2-222A-498B-9565-6E50103ABF4B}.Release|Any CPU.ActiveCfg = Release|Any CPU
		{8A30A4F2-222A-498B-9565-6E50103ABF4B}.Release|Any CPU.Build.0 = Release|Any CPU
		{8A30A4F2-222A-498B-9565-6E50103ABF4B}.Release|x64.ActiveCfg = Release|Any CPU
		{8A30A4F2-222A-498B-9565-6E50103ABF4B}.Release|x64.Build.0 = Release|Any CPU
		{8A30A4F2-222A-498B-9565-6E50103ABF4B}.Release|x86.ActiveCfg = Release|Any CPU
		{8A30A4F2-222A-498B-9565-6E50103ABF4B}.Release|x86.Build.0 = Release|Any CPU
		{ECF19B8D-BE9A-4159-8B94-DEFC25A59507}.Debug|Any CPU.ActiveCfg = Debug|Any CPU
		{ECF19B8D-BE9A-4159-8B94-DEFC25A59507}.Debug|Any CPU.Build.0 = Debug|Any CPU
		{ECF19B8D-BE9A-4159-8B94-DEFC25A59507}.Debug|x64.ActiveCfg = Debug|Any CPU
		{ECF19B8D-BE9A-4159-8B94-DEFC25A59507}.Debug|x64.Build.0 = Debug|Any CPU
		{ECF19B8D-BE9A-4159-8B94-DEFC25A59507}.Debug|x86.ActiveCfg = Debug|Any CPU
		{ECF19B8D-BE9A-4159-8B94-DEFC25A59507}.Debug|x86.Build.0 = Debug|Any CPU
		{ECF19B8D-BE9A-4159-8B94-DEFC25A59507}.Release|Any CPU.ActiveCfg = Release|Any CPU
		{ECF19B8D-BE9A-4159-8B94-DEFC25A59507}.Release|Any CPU.Build.0 = Release|Any CPU
		{ECF19B8D-BE9A-4159-8B94-DEFC25A59507}.Release|x64.ActiveCfg = Release|Any CPU
		{ECF19B8D-BE9A-4159-8B94-DEFC25A59507}.Release|x64.Build.0 = Release|Any CPU
		{ECF19B8D-BE9A-4159-8B94-DEFC25A59507}.Release|x86.ActiveCfg = Release|Any CPU
		{ECF19B8D-BE9A-4159-8B94-DEFC25A59507}.Release|x86.Build.0 = Release|Any CPU
		{AFA9CF55-2235-415D-B437-F4A62DA34A0C}.Debug|Any CPU.ActiveCfg = Debug|Any CPU
		{AFA9CF55-2235-415D-B437-F4A62DA34A0C}.Debug|Any CPU.Build.0 = Debug|Any CPU
		{AFA9CF55-2235-415D-B437-F4A62DA34A0C}.Debug|x64.ActiveCfg = Debug|x64
		{AFA9CF55-2235-415D-B437-F4A62DA34A0C}.Debug|x64.Build.0 = Debug|x64
		{AFA9CF55-2235-415D-B437-F4A62DA34A0C}.Debug|x86.ActiveCfg = Debug|Any CPU
		{AFA9CF55-2235-415D-B437-F4A62DA34A0C}.Debug|x86.Build.0 = Debug|Any CPU
		{AFA9CF55-2235-415D-B437-F4A62DA34A0C}.Release|Any CPU.ActiveCfg = Release|Any CPU
		{AFA9CF55-2235-415D-B437-F4A62DA34A0C}.Release|Any CPU.Build.0 = Release|Any CPU
		{AFA9CF55-2235-415D-B437-F4A62DA34A0C}.Release|x64.ActiveCfg = Release|x64
		{AFA9CF55-2235-415D-B437-F4A62DA34A0C}.Release|x64.Build.0 = Release|x64
		{AFA9CF55-2235-415D-B437-F4A62DA34A0C}.Release|x86.ActiveCfg = Release|Any CPU
		{AFA9CF55-2235-415D-B437-F4A62DA34A0C}.Release|x86.Build.0 = Release|Any CPU
		{A39132CC-9E48-4E8C-90C1-D4A39DBE1933}.Debug|Any CPU.ActiveCfg = Debug|Any CPU
		{A39132CC-9E48-4E8C-90C1-D4A39DBE1933}.Debug|Any CPU.Build.0 = Debug|Any CPU
		{A39132CC-9E48-4E8C-90C1-D4A39DBE1933}.Debug|x64.ActiveCfg = Debug|Any CPU
		{A39132CC-9E48-4E8C-90C1-D4A39DBE1933}.Debug|x64.Build.0 = Debug|Any CPU
		{A39132CC-9E48-4E8C-90C1-D4A39DBE1933}.Debug|x86.ActiveCfg = Debug|Any CPU
		{A39132CC-9E48-4E8C-90C1-D4A39DBE1933}.Debug|x86.Build.0 = Debug|Any CPU
		{A39132CC-9E48-4E8C-90C1-D4A39DBE1933}.Release|Any CPU.ActiveCfg = Release|Any CPU
		{A39132CC-9E48-4E8C-90C1-D4A39DBE1933}.Release|Any CPU.Build.0 = Release|Any CPU
		{A39132CC-9E48-4E8C-90C1-D4A39DBE1933}.Release|x64.ActiveCfg = Release|Any CPU
		{A39132CC-9E48-4E8C-90C1-D4A39DBE1933}.Release|x64.Build.0 = Release|Any CPU
		{A39132CC-9E48-4E8C-90C1-D4A39DBE1933}.Release|x86.ActiveCfg = Release|Any CPU
		{A39132CC-9E48-4E8C-90C1-D4A39DBE1933}.Release|x86.Build.0 = Release|Any CPU
		{F22A8909-F1E9-430C-B395-D9222E311961}.Debug|Any CPU.ActiveCfg = Debug|Any CPU
		{F22A8909-F1E9-430C-B395-D9222E311961}.Debug|Any CPU.Build.0 = Debug|Any CPU
		{F22A8909-F1E9-430C-B395-D9222E311961}.Debug|x64.ActiveCfg = Debug|Any CPU
		{F22A8909-F1E9-430C-B395-D9222E311961}.Debug|x64.Build.0 = Debug|Any CPU
		{F22A8909-F1E9-430C-B395-D9222E311961}.Debug|x86.ActiveCfg = Debug|Any CPU
		{F22A8909-F1E9-430C-B395-D9222E311961}.Debug|x86.Build.0 = Debug|Any CPU
		{F22A8909-F1E9-430C-B395-D9222E311961}.Release|Any CPU.ActiveCfg = Release|Any CPU
		{F22A8909-F1E9-430C-B395-D9222E311961}.Release|Any CPU.Build.0 = Release|Any CPU
		{F22A8909-F1E9-430C-B395-D9222E311961}.Release|x64.ActiveCfg = Release|Any CPU
		{F22A8909-F1E9-430C-B395-D9222E311961}.Release|x64.Build.0 = Release|Any CPU
		{F22A8909-F1E9-430C-B395-D9222E311961}.Release|x86.ActiveCfg = Release|Any CPU
		{F22A8909-F1E9-430C-B395-D9222E311961}.Release|x86.Build.0 = Release|Any CPU
	EndGlobalSection
	GlobalSection(SolutionProperties) = preSolution
		HideSolutionNode = FALSE
	EndGlobalSection
	GlobalSection(NestedProjects) = preSolution
		{8AA39FB3-6B90-4FAA-8183-85A1ACFC10B1} = {7A4C5A08-491F-4809-BB45-C2E996222756}
		{A24458C1-B3AC-462A-8B42-DAFD1D420E19} = {7A4C5A08-491F-4809-BB45-C2E996222756}
		{A4D1D9B0-EF2E-4072-9FE1-F1EA28571688} = {7A4C5A08-491F-4809-BB45-C2E996222756}
		{A1BCDEE4-DD9A-43C2-A127-90B727EB0F04} = {7A8C945F-BF24-4D6B-849D-939CEA41E7BF}
		{C2A8E04A-34BB-44C9-A5E0-6E22FBBB0355} = {7A8C945F-BF24-4D6B-849D-939CEA41E7BF}
		{8A30A4F2-222A-498B-9565-6E50103ABF4B} = {7A8C945F-BF24-4D6B-849D-939CEA41E7BF}
		{ECF19B8D-BE9A-4159-8B94-DEFC25A59507} = {7A4C5A08-491F-4809-BB45-C2E996222756}
		{AFA9CF55-2235-415D-B437-F4A62DA34A0C} = {7A4C5A08-491F-4809-BB45-C2E996222756}
		{A39132CC-9E48-4E8C-90C1-D4A39DBE1933} = {7A4C5A08-491F-4809-BB45-C2E996222756}
		{F22A8909-F1E9-430C-B395-D9222E311961} = {7A4C5A08-491F-4809-BB45-C2E996222756}
	EndGlobalSection
	GlobalSection(ExtensibilityGlobals) = postSolution
		SolutionGuid = {16A4E0AE-933A-4384-AC0A-76DE7CE40914}
	EndGlobalSection
EndGlobal
