
Microsoft Visual Studio Solution File, Format Version 12.00
# Visual Studio Version 17
VisualStudioVersion = 17.10.34928.147
MinimumVisualStudioVersion = 10.0.40219.1
Project("{FAE04EC0-301F-11D3-BF4B-00C04F79EFBC}") = "Traveller_FPI30_main", "LaserAlignDX\Traveller_FPI30_main.csproj", "{268EC7EF-0E73-4D58-88C9-5ED04E8B8645}"
EndProject
Project("{FAE04EC0-301F-11D3-BF4B-00C04F79EFBC}") = "JzDisplayLT", "EzDisplay\JzDisplayLT\JzDisplayLT.csproj", "{8AA39FB3-6B90-4FAA-8183-85A1ACFC10B1}"
EndProject
Project("{FAE04EC0-301F-11D3-BF4B-00C04F79EFBC}") = "JetEazy.Basics", "JetEazy\JetEazy.Basics.csproj", "{A24458C1-B3AC-462A-8B42-DAFD1D420E19}"
EndProject
Project("{FAE04EC0-301F-11D3-BF4B-00C04F79EFBC}") = "EzCamera.Gui.LiveViewer", "EzCamera.Gui.LiveViewer\EzCamera.Gui.LiveViewer.csproj", "{A4D1D9B0-EF2E-4072-9FE1-F1EA28571688}"
EndProject
Project("{FAE04EC0-301F-11D3-BF4B-00C04F79EFBC}") = "EzAoiEmptyTrayInspector.Lib", "FPI30_Aoi\EzEmptyTrayInspector.Lib\EzAoiEmptyTrayInspector.Lib.csproj", "{A1BCDEE4-DD9A-43C2-A127-90B727EB0F04}"
EndProject
Project("{FAE04EC0-301F-11D3-BF4B-00C04F79EFBC}") = "EzAoiEmptyTrayInspector.App", "FPI30_Aoi\EzEmptyTrayInspector.App\EzAoiEmptyTrayInspector.App.csproj", "{C2A8E04A-34BB-44C9-A5E0-6E22FBBB0355}"
EndProject
Project("{2150E333-8FDC-42A3-9474-1A3956D46DE8}") = ".ReadMe", ".ReadMe", "{02EA681E-C7D8-13C7-8484-4AC65E1B71E8}"
	ProjectSection(SolutionItems) = preProject
		ReadMe.md = ReadMe.md
		Readme_FAQ.md = Readme_FAQ.md
		Readme_FAQ_onsite.md = Readme_FAQ_onsite.md
	EndProjectSection
EndProject
Project("{FAE04EC0-301F-11D3-BF4B-00C04F79EFBC}") = "EzAoiEmptyTrayInspector.TestDemo", "FPI30_Aoi\EzEmptyTrayInspector.TestDemo\EzAoiEmptyTrayInspector.TestDemo.csproj", "{8A30A4F2-222A-498B-9565-6E50103ABF4B}"
EndProject
Project("{2150E333-8FDC-42A3-9474-1A3956D46DE8}") = "Traveller FPI30 AOI", "Traveller FPI30 AOI", "{7A8C945F-BF24-4D6B-849D-939CEA41E7BF}"
EndProject
Project("{FAE04EC0-301F-11D3-BF4B-00C04F79EFBC}") = "JetEazy.Calib", "JetEazy.Calib\JetEazy.Calib.csproj", "{ECF19B8D-BE9A-4159-8B94-DEFC25A59507}"
EndProject
Project("{2150E333-8FDC-42A3-9474-1A3956D46DE8}") = "Jez Modules", "Jez Modules", "{7A4C5A08-491F-4809-BB45-C2E996222756}"
EndProject
Project("{FAE04EC0-301F-11D3-BF4B-00C04F79EFBC}") = "JetEazy.VG.Devices", "JetEazy.VG.Camera\JetEazy.VG.Devices.csproj", "{AFA9CF55-2235-415D-B437-F4A62DA34A0C}"
EndProject
Project("{FAE04EC0-301F-11D3-BF4B-00C04F79EFBC}") = "JetEazy.Transform", "JetEazy.Calib.Transform\JetEazy.Transform.csproj", "{A39132CC-9E48-4E8C-90C1-D4A39DBE1933}"
EndProject
Project("{FAE04EC0-301F-11D3-BF4B-00C04F79EFBC}") = "Traveller.Data.Packer", "Traveller.Data.Packer\Traveller.Data.Packer.csproj", "{F22A8909-F1E9-430C-B395-D9222E311961}"
EndProject
Project("{2150E333-8FDC-42A3-9474-1A3956D46DE8}") = "Traveller FPI30 Libs", "Traveller FPI30 Libs", "{000A5582-3257-4D2A-AF39-C401F12D7C15}"
EndProject
Project("{FAE04EC0-301F-11D3-BF4B-00C04F79EFBC}") = "EzMotor.Gui", "EzMotor.Gui\EzMotor.Gui.csproj", "{455201C9-5E3E-4B92-A305-E6E94816DA3D}"
EndProject
Project("{FAE04EC0-301F-11D3-BF4B-00C04F79EFBC}") = "Traveller.Sim.App", "Traveller.Sim\Traveller.Sim.App.csproj", "{E3EDAFA2-12C8-4B09-9517-E379836FCD66}"
EndProject
Project("{2150E333-8FDC-42A3-9474-1A3956D46DE8}") = "EmptyTray", "EmptyTray", "{2D67A150-BD08-4863-9FFB-CCB0096044A1}"
EndProject
Project("{FAE04EC0-301F-11D3-BF4B-00C04F79EFBC}") = "EzAoiEmptyTrayInspector.UnitTests", "FPI30_Aoi\UnitTests\EzAoiEmptyTrayInspector.UnitTests.csproj", "{454A80D4-987D-43F5-A56C-10E595CC3A02}"
EndProject
Project("{2150E333-8FDC-42A3-9474-1A3956D46DE8}") = "UnitTests", "UnitTests", "{50A090BD-7E2E-40D4-A601-08A13684BB60}"
EndProject
Project("{2150E333-8FDC-42A3-9474-1A3956D46DE8}") = "Traveller FPI30 Tools", "Traveller FPI30 Tools", "{A9AFE4EF-EFC1-4635-BB81-25C230C287FC}"
EndProject
Project("{FAE04EC0-301F-11D3-BF4B-00C04F79EFBC}") = "JetEazy.Lang", "FPI30_Aoi\JetEazy.Lang\JetEazy.Lang.csproj", "{D2029EE2-EA98-4335-80A6-1E190EC88313}"
EndProject
Project("{2150E333-8FDC-42A3-9474-1A3956D46DE8}") = "Language", "Language", "{09D5B140-6DAC-4B4F-824E-CEF9D154413F}"
EndProject
Global
	GlobalSection(SolutionConfigurationPlatforms) = preSolution
		Debug|Any CPU = Debug|Any CPU
		Debug|x64 = Debug|x64
		Debug|x86 = Debug|x86
		Release|Any CPU = Release|Any CPU
		Release|x64 = Release|x64
		Release|x86 = Release|x86
	EndGlobalSection
	GlobalSection(ProjectConfigurationPlatforms) = postSolution
		{268EC7EF-0E73-4D58-88C9-5ED04E8B8645}.Debug|Any CPU.ActiveCfg = Debug|Any CPU
		{268EC7EF-0E73-4D58-88C9-5ED04E8B8645}.Debug|Any CPU.Build.0 = Debug|Any CPU
		{268EC7EF-0E73-4D58-88C9-5ED04E8B8645}.Debug|x64.ActiveCfg = Debug|x64
		{268EC7EF-0E73-4D58-88C9-5ED04E8B8645}.Debug|x64.Build.0 = Debug|x64
		{268EC7EF-0E73-4D58-88C9-5ED04E8B8645}.Debug|x86.ActiveCfg = Debug|Any CPU
		{268EC7EF-0E73-4D58-88C9-5ED04E8B8645}.Debug|x86.Build.0 = Debug|Any CPU
		{268EC7EF-0E73-4D58-88C9-5ED04E8B8645}.Release|Any CPU.ActiveCfg = Release|Any CPU
		{268EC7EF-0E73-4D58-88C9-5ED04E8B8645}.Release|Any CPU.Build.0 = Release|Any CPU
		{268EC7EF-0E73-4D58-88C9-5ED04E8B8645}.Release|x64.ActiveCfg = Release|Any CPU
		{268EC7EF-0E73-4D58-88C9-5ED04E8B8645}.Release|x64.Build.0 = Release|Any CPU
		{268EC7EF-0E73-4D58-88C9-5ED04E8B8645}.Release|x86.ActiveCfg = Release|Any CPU
		{268EC7EF-0E73-4D58-88C9-5ED04E8B8645}.Release|x86.Build.0 = Release|Any CPU
		{8AA39FB3-6B90-4FAA-8183-85A1ACFC10B1}.Debug|Any CPU.ActiveCfg = Debug|Any CPU
		{8AA39FB3-6B90-4FAA-8183-85A1ACFC10B1}.Debug|Any CPU.Build.0 = Debug|Any CPU
		{8AA39FB3-6B90-4FAA-8183-85A1ACFC10B1}.Debug|x64.ActiveCfg = Debug|Any CPU
		{8AA39FB3-6B90-4FAA-8183-85A1ACFC10B1}.Debug|x64.Build.0 = Debug|Any CPU
		{8AA39FB3-6B90-4FAA-8183-85A1ACFC10B1}.Debug|x86.ActiveCfg = Debug|x86
		{8AA39FB3-6B90-4FAA-8183-85A1ACFC10B1}.Debug|x86.Build.0 = Debug|x86
		{8AA39FB3-6B90-4FAA-8183-85A1ACFC10B1}.Release|Any CPU.ActiveCfg = Release|Any CPU
		{8AA39FB3-6B90-4FAA-8183-85A1ACFC10B1}.Release|Any CPU.Build.0 = Release|Any CPU
		{8AA39FB3-6B90-4FAA-8183-85A1ACFC10B1}.Release|x64.ActiveCfg = Release|x64
		{8AA39FB3-6B90-4FAA-8183-85A1ACFC10B1}.Release|x64.Build.0 = Release|x64
		{8AA39FB3-6B90-4FAA-8183-85A1ACFC10B1}.Release|x86.ActiveCfg = Release|x86
		{8AA39FB3-6B90-4FAA-8183-85A1ACFC10B1}.Release|x86.Build.0 = Release|x86
		{A24458C1-B3AC-462A-8B42-DAFD1D420E19}.Debug|Any CPU.ActiveCfg = Debug|Any CPU
		{A24458C1-B3AC-462A-8B42-DAFD1D420E19}.Debug|Any CPU.Build.0 = Debug|Any CPU
		{A24458C1-B3AC-462A-8B42-DAFD1D420E19}.Debug|x64.ActiveCfg = Debug|Any CPU
		{A24458C1-B3AC-462A-8B42-DAFD1D420E19}.Debug|x64.Build.0 = Debug|Any CPU
		{A24458C1-B3AC-462A-8B42-DAFD1D420E19}.Debug|x86.ActiveCfg = Debug|Any CPU
		{A24458C1-B3AC-462A-8B42-DAFD1D420E19}.Debug|x86.Build.0 = Debug|Any CPU
		{A24458C1-B3AC-462A-8B42-DAFD1D420E19}.Release|Any CPU.ActiveCfg = Release|Any CPU
		{A24458C1-B3AC-462A-8B42-DAFD1D420E19}.Release|Any CPU.Build.0 = Release|Any CPU
		{A24458C1-B3AC-462A-8B42-DAFD1D420E19}.Release|x64.ActiveCfg = Release|x64
		{A24458C1-B3AC-462A-8B42-DAFD1D420E19}.Release|x64.Build.0 = Release|x64
		{A24458C1-B3AC-462A-8B42-DAFD1D420E19}.Release|x86.ActiveCfg = Release|Any CPU
		{A24458C1-B3AC-462A-8B42-DAFD1D420E19}.Release|x86.Build.0 = Release|Any CPU
		{A4D1D9B0-EF2E-4072-9FE1-F1EA28571688}.Debug|Any CPU.ActiveCfg = Debug|Any CPU
		{A4D1D9B0-EF2E-4072-9FE1-F1EA28571688}.Debug|Any CPU.Build.0 = Debug|Any CPU
		{A4D1D9B0-EF2E-4072-9FE1-F1EA28571688}.Debug|x64.ActiveCfg = Debug|Any CPU
		{A4D1D9B0-EF2E-4072-9FE1-F1EA28571688}.Debug|x64.Build.0 = Debug|Any CPU
		{A4D1D9B0-EF2E-4072-9FE1-F1EA28571688}.Debug|x86.ActiveCfg = Debug|Any CPU
		{A4D1D9B0-EF2E-4072-9FE1-F1EA28571688}.Debug|x86.Build.0 = Debug|Any CPU
		{A4D1D9B0-EF2E-4072-9FE1-F1EA28571688}.Release|Any CPU.ActiveCfg = Release|Any CPU
		{A4D1D9B0-EF2E-4072-9FE1-F1EA28571688}.Release|Any CPU.Build.0 = Release|Any CPU
		{A4D1D9B0-EF2E-4072-9FE1-F1EA28571688}.Release|x64.ActiveCfg = Release|Any CPU
		{A4D1D9B0-EF2E-4072-9FE1-F1EA28571688}.Release|x64.Build.0 = Release|Any CPU
		{A4D1D9B0-EF2E-4072-9FE1-F1EA28571688}.Release|x86.ActiveCfg = Release|Any CPU
		{A4D1D9B0-EF2E-4072-9FE1-F1EA28571688}.Release|x86.Build.0 = Release|Any CPU
		{A1BCDEE4-DD9A-43C2-A127-90B727EB0F04}.Debug|Any CPU.ActiveCfg = Debug|Any CPU
		{A1BCDEE4-DD9A-43C2-A127-90B727EB0F04}.Debug|Any CPU.Build.0 = Debug|Any CPU
		{A1BCDEE4-DD9A-43C2-A127-90B727EB0F04}.Debug|x64.ActiveCfg = Debug|Any CPU
		{A1BCDEE4-DD9A-43C2-A127-90B727EB0F04}.Debug|x64.Build.0 = Debug|Any CPU
		{A1BCDEE4-DD9A-43C2-A127-90B727EB0F04}.Debug|x86.ActiveCfg = Debug|Any CPU
		{A1BCDEE4-DD9A-43C2-A127-90B727EB0F04}.Debug|x86.Build.0 = Debug|Any CPU
		{A1BCDEE4-DD9A-43C2-A127-90B727EB0F04}.Release|Any CPU.ActiveCfg = Release|Any CPU
		{A1BCDEE4-DD9A-43C2-A127-90B727EB0F04}.Release|Any CPU.Build.0 = Release|Any CPU
		{A1BCDEE4-DD9A-43C2-A127-90B727EB0F04}.Release|x64.ActiveCfg = Release|Any CPU
		{A1BCDEE4-DD9A-43C2-A127-90B727EB0F04}.Release|x64.Build.0 = Release|Any CPU
		{A1BCDEE4-DD9A-43C2-A127-90B727EB0F04}.Release|x86.ActiveCfg = Release|Any CPU
		{A1BCDEE4-DD9A-43C2-A127-90B727EB0F04}.Release|x86.Build.0 = Release|Any CPU
		{C2A8E04A-34BB-44C9-A5E0-6E22FBBB0355}.Debug|Any CPU.ActiveCfg = Debug|Any CPU
		{C2A8E04A-34BB-44C9-A5E0-6E22FBBB0355}.Debug|Any CPU.Build.0 = Debug|Any CPU
		{C2A8E04A-34BB-44C9-A5E0-6E22FBBB0355}.Debug|x64.ActiveCfg = Debug|Any CPU
		{C2A8E04A-34BB-44C9-A5E0-6E22FBBB0355}.Debug|x64.Build.0 = Debug|Any CPU
		{C2A8E04A-34BB-44C9-A5E0-6E22FBBB0355}.Debug|x86.ActiveCfg = Debug|Any CPU
		{C2A8E04A-34BB-44C9-A5E0-6E22FBBB0355}.Debug|x86.Build.0 = Debug|Any CPU
		{C2A8E04A-34BB-44C9-A5E0-6E22FBBB0355}.Release|Any CPU.ActiveCfg = Release|Any CPU
		{C2A8E04A-34BB-44C9-A5E0-6E22FBBB0355}.Release|Any CPU.Build.0 = Release|Any CPU
		{C2A8E04A-34BB-44C9-A5E0-6E22FBBB0355}.Release|x64.ActiveCfg = Release|Any CPU
		{C2A8E04A-34BB-44C9-A5E0-6E22FBBB0355}.Release|x64.Build.0 = Release|Any CPU
		{C2A8E04A-34BB-44C9-A5E0-6E22FBBB0355}.Release|x86.ActiveCfg = Release|Any CPU
		{C2A8E04A-34BB-44C9-A5E0-6E22FBBB0355}.Release|x86.Build.0 = Release|Any CPU
		{8A30A4F2-222A-498B-9565-6E50103ABF4B}.Debug|Any CPU.ActiveCfg = Debug|Any CPU
		{8A30A4F2-222A-498B-9565-6E50103ABF4B}.Debug|Any CPU.Build.0 = Debug|Any CPU
		{8A30A4F2-222A-498B-9565-6E50103ABF4B}.Debug|x64.ActiveCfg = Debug|Any CPU
		{8A30A4F2-222A-498B-9565-6E50103ABF4B}.Debug|x64.Build.0 = Debug|Any CPU
		{8A30A4F2-222A-498B-9565-6E50103ABF4B}.Debug|x86.ActiveCfg = Debug|Any CPU
		{8A30A4F2-222A-498B-9565-6E50103ABF4B}.Debug|x86.Build.0 = Debug|Any CPU
		{8A30A4F2-222A-498B-9565-6E50103ABF4B}.Release|Any CPU.ActiveCfg = Release|Any CPU
		{8A30A4F2-222A-498B-9565-6E50103ABF4B}.Release|Any CPU.Build.0 = Release|Any CPU
		{8A30A4F2-222A-498B-9565-6E50103ABF4B}.Release|x64.ActiveCfg = Release|Any CPU
		{8A30A4F2-222A-498B-9565-6E50103ABF4B}.Release|x64.Build.0 = Release|Any CPU
		{8A30A4F2-222A-498B-9565-6E50103ABF4B}.Release|x86.ActiveCfg = Release|Any CPU
		{8A30A4F2-222A-498B-9565-6E50103ABF4B}.Release|x86.Build.0 = Release|Any CPU
		{ECF19B8D-BE9A-4159-8B94-DEFC25A59507}.Debug|Any CPU.ActiveCfg = Debug|Any CPU
		{ECF19B8D-BE9A-4159-8B94-DEFC25A59507}.Debug|Any CPU.Build.0 = Debug|Any CPU
		{ECF19B8D-BE9A-4159-8B94-DEFC25A59507}.Debug|x64.ActiveCfg = Debug|Any CPU
		{ECF19B8D-BE9A-4159-8B94-DEFC25A59507}.Debug|x64.Build.0 = Debug|Any CPU
		{ECF19B8D-BE9A-4159-8B94-DEFC25A59507}.Debug|x86.ActiveCfg = Debug|Any CPU
		{ECF19B8D-BE9A-4159-8B94-DEFC25A59507}.Debug|x86.Build.0 = Debug|Any CPU
		{ECF19B8D-BE9A-4159-8B94-DEFC25A59507}.Release|Any CPU.ActiveCfg = Release|Any CPU
		{ECF19B8D-BE9A-4159-8B94-DEFC25A59507}.Release|Any CPU.Build.0 = Release|Any CPU
		{ECF19B8D-BE9A-4159-8B94-DEFC25A59507}.Release|x64.ActiveCfg = Release|Any CPU
		{ECF19B8D-BE9A-4159-8B94-DEFC25A59507}.Release|x64.Build.0 = Release|Any CPU
		{ECF19B8D-BE9A-4159-8B94-DEFC25A59507}.Release|x86.ActiveCfg = Release|Any CPU
		{ECF19B8D-BE9A-4159-8B94-DEFC25A59507}.Release|x86.Build.0 = Release|Any CPU
		{AFA9CF55-2235-415D-B437-F4A62DA34A0C}.Debug|Any CPU.ActiveCfg = Debug|Any CPU
		{AFA9CF55-2235-415D-B437-F4A62DA34A0C}.Debug|Any CPU.Build.0 = Debug|Any CPU
		{AFA9CF55-2235-415D-B437-F4A62DA34A0C}.Debug|x64.ActiveCfg = Debug|x64
		{AFA9CF55-2235-415D-B437-F4A62DA34A0C}.Debug|x64.Build.0 = Debug|x64
		{AFA9CF55-2235-415D-B437-F4A62DA34A0C}.Debug|x86.ActiveCfg = Debug|Any CPU
		{AFA9CF55-2235-415D-B437-F4A62DA34A0C}.Debug|x86.Build.0 = Debug|Any CPU
		{AFA9CF55-2235-415D-B437-F4A62DA34A0C}.Release|Any CPU.ActiveCfg = Release|Any CPU
		{AFA9CF55-2235-415D-B437-F4A62DA34A0C}.Release|Any CPU.Build.0 = Release|Any CPU
		{AFA9CF55-2235-415D-B437-F4A62DA34A0C}.Release|x64.ActiveCfg = Release|x64
		{AFA9CF55-2235-415D-B437-F4A62DA34A0C}.Release|x64.Build.0 = Release|x64
		{AFA9CF55-2235-415D-B437-F4A62DA34A0C}.Release|x86.ActiveCfg = Release|Any CPU
		{AFA9CF55-2235-415D-B437-F4A62DA34A0C}.Release|x86.Build.0 = Release|Any CPU
		{A39132CC-9E48-4E8C-90C1-D4A39DBE1933}.Debug|Any CPU.ActiveCfg = Debug|Any CPU
		{A39132CC-9E48-4E8C-90C1-D4A39DBE1933}.Debug|Any CPU.Build.0 = Debug|Any CPU
		{A39132CC-9E48-4E8C-90C1-D4A39DBE1933}.Debug|x64.ActiveCfg = Debug|Any CPU
		{A39132CC-9E48-4E8C-90C1-D4A39DBE1933}.Debug|x64.Build.0 = Debug|Any CPU
		{A39132CC-9E48-4E8C-90C1-D4A39DBE1933}.Debug|x86.ActiveCfg = Debug|Any CPU
		{A39132CC-9E48-4E8C-90C1-D4A39DBE1933}.Debug|x86.Build.0 = Debug|Any CPU
		{A39132CC-9E48-4E8C-90C1-D4A39DBE1933}.Release|Any CPU.ActiveCfg = Release|Any CPU
		{A39132CC-9E48-4E8C-90C1-D4A39DBE1933}.Release|Any CPU.Build.0 = Release|Any CPU
		{A39132CC-9E48-4E8C-90C1-D4A39DBE1933}.Release|x64.ActiveCfg = Release|Any CPU
		{A39132CC-9E48-4E8C-90C1-D4A39DBE1933}.Release|x64.Build.0 = Release|Any CPU
		{A39132CC-9E48-4E8C-90C1-D4A39DBE1933}.Release|x86.ActiveCfg = Release|Any CPU
		{A39132CC-9E48-4E8C-90C1-D4A39DBE1933}.Release|x86.Build.0 = Release|Any CPU
		{F22A8909-F1E9-430C-B395-D9222E311961}.Debug|Any CPU.ActiveCfg = Debug|Any CPU
		{F22A8909-F1E9-430C-B395-D9222E311961}.Debug|Any CPU.Build.0 = Debug|Any CPU
		{F22A8909-F1E9-430C-B395-D9222E311961}.Debug|x64.ActiveCfg = Debug|Any CPU
		{F22A8909-F1E9-430C-B395-D9222E311961}.Debug|x64.Build.0 = Debug|Any CPU
		{F22A8909-F1E9-430C-B395-D9222E311961}.Debug|x86.ActiveCfg = Debug|Any CPU
		{F22A8909-F1E9-430C-B395-D9222E311961}.Debug|x86.Build.0 = Debug|Any CPU
		{F22A8909-F1E9-430C-B395-D9222E311961}.Release|Any CPU.ActiveCfg = Release|Any CPU
		{F22A8909-F1E9-430C-B395-D9222E311961}.Release|Any CPU.Build.0 = Release|Any CPU
		{F22A8909-F1E9-430C-B395-D9222E311961}.Release|x64.ActiveCfg = Release|Any CPU
		{F22A8909-F1E9-430C-B395-D9222E311961}.Release|x64.Build.0 = Release|Any CPU
		{F22A8909-F1E9-430C-B395-D9222E311961}.Release|x86.ActiveCfg = Release|Any CPU
		{F22A8909-F1E9-430C-B395-D9222E311961}.Release|x86.Build.0 = Release|Any CPU
		{455201C9-5E3E-4B92-A305-E6E94816DA3D}.Debug|Any CPU.ActiveCfg = Debug|Any CPU
		{455201C9-5E3E-4B92-A305-E6E94816DA3D}.Debug|Any CPU.Build.0 = Debug|Any CPU
		{455201C9-5E3E-4B92-A305-E6E94816DA3D}.Debug|x64.ActiveCfg = Debug|Any CPU
		{455201C9-5E3E-4B92-A305-E6E94816DA3D}.Debug|x64.Build.0 = Debug|Any CPU
		{455201C9-5E3E-4B92-A305-E6E94816DA3D}.Debug|x86.ActiveCfg = Debug|Any CPU
		{455201C9-5E3E-4B92-A305-E6E94816DA3D}.Debug|x86.Build.0 = Debug|Any CPU
		{455201C9-5E3E-4B92-A305-E6E94816DA3D}.Release|Any CPU.ActiveCfg = Release|Any CPU
		{455201C9-5E3E-4B92-A305-E6E94816DA3D}.Release|Any CPU.Build.0 = Release|Any CPU
		{455201C9-5E3E-4B92-A305-E6E94816DA3D}.Release|x64.ActiveCfg = Release|Any CPU
		{455201C9-5E3E-4B92-A305-E6E94816DA3D}.Release|x64.Build.0 = Release|Any CPU
		{455201C9-5E3E-4B92-A305-E6E94816DA3D}.Release|x86.ActiveCfg = Release|Any CPU
		{455201C9-5E3E-4B92-A305-E6E94816DA3D}.Release|x86.Build.0 = Release|Any CPU
		{E3EDAFA2-12C8-4B09-9517-E379836FCD66}.Debug|Any CPU.ActiveCfg = Debug|Any CPU
		{E3EDAFA2-12C8-4B09-9517-E379836FCD66}.Debug|Any CPU.Build.0 = Debug|Any CPU
		{E3EDAFA2-12C8-4B09-9517-E379836FCD66}.Debug|x64.ActiveCfg = Debug|Any CPU
		{E3EDAFA2-12C8-4B09-9517-E379836FCD66}.Debug|x64.Build.0 = Debug|Any CPU
		{E3EDAFA2-12C8-4B09-9517-E379836FCD66}.Debug|x86.ActiveCfg = Debug|Any CPU
		{E3EDAFA2-12C8-4B09-9517-E379836FCD66}.Debug|x86.Build.0 = Debug|Any CPU
		{E3EDAFA2-12C8-4B09-9517-E379836FCD66}.Release|Any CPU.ActiveCfg = Release|Any CPU
		{E3EDAFA2-12C8-4B09-9517-E379836FCD66}.Release|Any CPU.Build.0 = Release|Any CPU
		{E3EDAFA2-12C8-4B09-9517-E379836FCD66}.Release|x64.ActiveCfg = Release|Any CPU
		{E3EDAFA2-12C8-4B09-9517-E379836FCD66}.Release|x64.Build.0 = Release|Any CPU
		{E3EDAFA2-12C8-4B09-9517-E379836FCD66}.Release|x86.ActiveCfg = Release|Any CPU
		{E3EDAFA2-12C8-4B09-9517-E379836FCD66}.Release|x86.Build.0 = Release|Any CPU
		{454A80D4-987D-43F5-A56C-10E595CC3A02}.Debug|Any CPU.ActiveCfg = Debug|Any CPU
		{454A80D4-987D-43F5-A56C-10E595CC3A02}.Debug|Any CPU.Build.0 = Debug|Any CPU
		{454A80D4-987D-43F5-A56C-10E595CC3A02}.Debug|x64.ActiveCfg = Debug|Any CPU
		{454A80D4-987D-43F5-A56C-10E595CC3A02}.Debug|x64.Build.0 = Debug|Any CPU
		{454A80D4-987D-43F5-A56C-10E595CC3A02}.Debug|x86.ActiveCfg = Debug|Any CPU
		{454A80D4-987D-43F5-A56C-10E595CC3A02}.Debug|x86.Build.0 = Debug|Any CPU
		{454A80D4-987D-43F5-A56C-10E595CC3A02}.Release|Any CPU.ActiveCfg = Release|Any CPU
		{454A80D4-987D-43F5-A56C-10E595CC3A02}.Release|Any CPU.Build.0 = Release|Any CPU
		{454A80D4-987D-43F5-A56C-10E595CC3A02}.Release|x64.ActiveCfg = Release|Any CPU
		{454A80D4-987D-43F5-A56C-10E595CC3A02}.Release|x64.Build.0 = Release|Any CPU
		{454A80D4-987D-43F5-A56C-10E595CC3A02}.Release|x86.ActiveCfg = Release|Any CPU
		{454A80D4-987D-43F5-A56C-10E595CC3A02}.Release|x86.Build.0 = Release|Any CPU
		{D2029EE2-EA98-4335-80A6-1E190EC88313}.Debug|Any CPU.ActiveCfg = Debug|Any CPU
		{D2029EE2-EA98-4335-80A6-1E190EC88313}.Debug|Any CPU.Build.0 = Debug|Any CPU
		{D2029EE2-EA98-4335-80A6-1E190EC88313}.Debug|x64.ActiveCfg = Debug|Any CPU
		{D2029EE2-EA98-4335-80A6-1E190EC88313}.Debug|x64.Build.0 = Debug|Any CPU
		{D2029EE2-EA98-4335-80A6-1E190EC88313}.Debug|x86.ActiveCfg = Debug|Any CPU
		{D2029EE2-EA98-4335-80A6-1E190EC88313}.Debug|x86.Build.0 = Debug|Any CPU
		{D2029EE2-EA98-4335-80A6-1E190EC88313}.Release|Any CPU.ActiveCfg = Release|Any CPU
		{D2029EE2-EA98-4335-80A6-1E190EC88313}.Release|Any CPU.Build.0 = Release|Any CPU
		{D2029EE2-EA98-4335-80A6-1E190EC88313}.Release|x64.ActiveCfg = Release|Any CPU
		{D2029EE2-EA98-4335-80A6-1E190EC88313}.Release|x64.Build.0 = Release|Any CPU
		{D2029EE2-EA98-4335-80A6-1E190EC88313}.Release|x86.ActiveCfg = Release|Any CPU
		{D2029EE2-EA98-4335-80A6-1E190EC88313}.Release|x86.Build.0 = Release|Any CPU
	EndGlobalSection
	GlobalSection(SolutionProperties) = preSolution
		HideSolutionNode = FALSE
	EndGlobalSection
	GlobalSection(NestedProjects) = preSolution
		{8AA39FB3-6B90-4FAA-8183-85A1ACFC10B1} = {7A4C5A08-491F-4809-BB45-C2E996222756}
		{A24458C1-B3AC-462A-8B42-DAFD1D420E19} = {7A4C5A08-491F-4809-BB45-C2E996222756}
		{A4D1D9B0-EF2E-4072-9FE1-F1EA28571688} = {7A4C5A08-491F-4809-BB45-C2E996222756}
		{A1BCDEE4-DD9A-43C2-A127-90B727EB0F04} = {2D67A150-BD08-4863-9FFB-CCB0096044A1}
		{C2A8E04A-34BB-44C9-A5E0-6E22FBBB0355} = {2D67A150-BD08-4863-9FFB-CCB0096044A1}
		{8A30A4F2-222A-498B-9565-6E50103ABF4B} = {2D67A150-BD08-4863-9FFB-CCB0096044A1}
		{ECF19B8D-BE9A-4159-8B94-DEFC25A59507} = {7A4C5A08-491F-4809-BB45-C2E996222756}
		{AFA9CF55-2235-415D-B437-F4A62DA34A0C} = {7A4C5A08-491F-4809-BB45-C2E996222756}
		{A39132CC-9E48-4E8C-90C1-D4A39DBE1933} = {000A5582-3257-4D2A-AF39-C401F12D7C15}
		{F22A8909-F1E9-430C-B395-D9222E311961} = {A9AFE4EF-EFC1-4635-BB81-25C230C287FC}
		{455201C9-5E3E-4B92-A305-E6E94816DA3D} = {000A5582-3257-4D2A-AF39-C401F12D7C15}
		{E3EDAFA2-12C8-4B09-9517-E379836FCD66} = {A9AFE4EF-EFC1-4635-BB81-25C230C287FC}
		{2D67A150-BD08-4863-9FFB-CCB0096044A1} = {7A8C945F-BF24-4D6B-849D-939CEA41E7BF}
		{454A80D4-987D-43F5-A56C-10E595CC3A02} = {50A090BD-7E2E-40D4-A601-08A13684BB60}
		{50A090BD-7E2E-40D4-A601-08A13684BB60} = {7A8C945F-BF24-4D6B-849D-939CEA41E7BF}
		{D2029EE2-EA98-4335-80A6-1E190EC88313} = {09D5B140-6DAC-4B4F-824E-CEF9D154413F}
	EndGlobalSection
	GlobalSection(ExtensibilityGlobals) = postSolution
		SolutionGuid = {16A4E0AE-933A-4384-AC0A-76DE7CE40914}
	EndGlobalSection
EndGlobal
